
Microsoft Visual Studio Solution File, Format Version 12.00
# Visual Studio Version 17
VisualStudioVersion = 17.5.33530.505
MinimumVisualStudioVersion = 10.0.40219.1
Project("{FAE04EC0-301F-11D3-BF4B-00C04F79EFBC}") = "Git", "Git.csproj", "{07D17F05-7F04-4EFD-8C4D-ED64FE08F170}"
EndProject
Global
	GlobalSection(SolutionConfigurationPlatforms) = preSolution
		Debug|Any CPU = Debug|Any CPU
		Release|Any CPU = Release|Any CPU
	EndGlobalSection
	GlobalSection(ProjectConfigurationPlatforms) = postSolution
		{07D17F05-7F04-4EFD-8C4D-ED64FE08F170}.Debug|Any CPU.ActiveCfg = Debug|Any CPU
		{07D17F05-7F04-4EFD-8C4D-ED64FE08F170}.Debug|Any CPU.Build.0 = Debug|Any CPU
		{07D17F05-7F04-4EFD-8C4D-ED64FE08F170}.Release|Any CPU.ActiveCfg = Release|Any CPU
		{07D17F05-7F04-4EFD-8C4D-ED64FE08F170}.Release|Any CPU.Build.0 = Release|Any CPU
	EndGlobalSection
	GlobalSection(SolutionProperties) = preSolution
		HideSolutionNode = FALSE
	EndGlobalSection
	GlobalSection(ExtensibilityGlobals) = postSolution
		SolutionGuid = {E6EB4ECE-5514-443E-A1D5-E8055A2B2669}
	EndGlobalSection
EndGlobal
